{
  "name": "clamscan",
  "version": "1.0.0",
  "lockfileVersion": 2,
  "requires": true,
  "packages": {
    "": {
      "name": "clamscan",
      "version": "1.0.0",
      "license": "ISC",
      "dependencies": {
        "clamscan": "^1.4.2"
      }
    },
    "node_modules/clamscan": {
      "version": "1.4.2",
      "resolved": "https://registry.npmjs.org/clamscan/-/clamscan-1.4.2.tgz",
      "integrity": "sha512-y8JrIVGlGlm2q99ic8dwxcRHSUA9kwCR4P2Xdkyn0DGJl5BGw5m0KX5RUtJ+hIZqtp8ERw1jxSQZJlePgPVt0A==",
      "engines": {
        "node": ">=10.12.0"
      }
    }
  },
  "dependencies": {
    "clamscan": {
      "version": "1.4.2",
      "resolved": "https://registry.npmjs.org/clamscan/-/clamscan-1.4.2.tgz",
      "integrity": "sha512-y8JrIVGlGlm2q99ic8dwxcRHSUA9kwCR4P2Xdkyn0DGJl5BGw5m0KX5RUtJ+hIZqtp8ERw1jxSQZJlePgPVt0A=="
    }
  }
}
